# This file is automatically @generated by Cargo.
# It is not intended for manual editing.
version = 4

[[package]]
name = "canokey-pass"
version = "0.1.0"
dependencies = [
 "canokey-protocol",
]

[[package]]
name = "canokey-protocol"
version = "0.1.0"
dependencies = [
 "canokey-tlv",
]

[[package]]
name = "canokey-rust-core"
version = "0.1.0"
dependencies = [
 "canokey-pass",
 "canokey-protocol",
]

[[package]]
name = "canokey-tlv"
version = "0.1.0"
